<?xml version="1.0" encoding="utf-8"?>
<Project ToolsVersion="4.0" xmlns="http://schemas.microsoft.com/developer/msbuild/2003">
  <ItemGroup>
    <ClInclude Include="$(MSBuildThisFileDirectory)VulkanEngine\Helpers\VulkanHelpers.h" />
    <ClInclude Include="$(MSBuildThisFileDirectory)VulkanEngine\VulkanRenderer.h" />
    <ClInclude Include="$(MSBuildThisFileDirectory)VulkanEngine\VulkanInstance.h" />
    <ClInclude Include="$(MSBuildThisFileDirectory)VulkanEngine\Helpers\DebugMessageHandler.h" />
    <ClInclude Include="$(MSBuildThisFileDirectory)VulkanEngine\Surfaces\ISurfaceBuilder.h" />
    <ClInclude Include="$(MSBuildThisFileDirectory)VulkanEngine\Surfaces\Surface.h" />
    <ClInclude Include="$(MSBuildThisFileDirectory)VulkanEngine\SwapChains\SwapChain.h" />
    <ClInclude Include="$(MSBuildThisFileDirectory)VulkanEngine\SwapChains\SwapChainSupportDetails.h" />
    <ClInclude Include="$(MSBuildThisFileDirectory)VulkanEngine\Devices\DeviceManager.h" />
    <ClInclude Include="$(MSBuildThisFileDirectory)VulkanEngine\Devices\QueueFamilyIndices.h" />
    <ClInclude Include="$(MSBuildThisFileDirectory)VulkanEngine\Pipeline\Shader.h" />
    <ClInclude Include="$(MSBuildThisFileDirectory)VulkanEngine\Pipeline\PipelineStateManager.h" />
    <ClInclude Include="$(MSBuildThisFileDirectory)VulkanEngine\Pipeline\States\RasterizerState.h" />
    <ClInclude Include="$(MSBuildThisFileDirectory)VulkanEngine\Pipeline\States\MultisampleState.h" />
    <ClInclude Include="$(MSBuildThisFileDirectory)VulkanEngine\Pipeline\States\ColorBlendState.h" />
    <ClInclude Include="$(MSBuildThisFileDirectory)VulkanEngine\Pipeline\States\ViewportState.h" />
    <ClInclude Include="$(MSBuildThisFileDirectory)VulkanEngine\Pipeline\States\ShaderStage.h" />
    <ClInclude Include="$(MSBuildThisFileDirectory)VulkanEngine\Pipeline\States\VertexInputState.h" />
    <ClInclude Include="$(MSBuildThisFileDirectory)VulkanEngine\Pipeline\States\InputAssemblyState.h" />
    <ClInclude Include="$(MSBuildThisFileDirectory)VulkanEngine\Pipeline\States\DynamicState.h" />
    <ClInclude Include="$(MSBuildThisFileDirectory)VulkanEngine\Pipeline\Layout\PipelineLayout.h" />
    <ClInclude Include="$(MSBuildThisFileDirectory)VulkanEngine\Pipeline\States\ColorBlendAttachment.h" />
    <ClInclude Include="$(MSBuildThisFileDirectory)VulkanEngine\Commands\CommandPool.h" />
    <ClInclude Include="$(MSBuildThisFileDirectory)VulkanEngine\Synchronization\Semaphore.h" />
    <ClInclude Include="$(MSBuildThisFileDirectory)VulkanEngine\Configurations\ValidationLayers.h" />
    <ClInclude Include="$(MSBuildThisFileDirectory)VulkanEngine\Geometry\Vertex.h" />
    <ClInclude Include="$(MSBuildThisFileDirectory)VulkanEngine\Buffers\VertexBuffer.h" />
    <ClInclude Include="$(MSBuildThisFileDirectory)VulkanEngine\RenderItems\RenderItem.h" />
    <ClInclude Include="$(MSBuildThisFileDirectory)VulkanEngine\Geometry\SubmeshGeometry.h" />
    <ClInclude Include="$(MSBuildThisFileDirectory)VulkanEngine\RenderPass\RenderPass.h" />
    <ClInclude Include="$(MSBuildThisFileDirectory)VulkanEngine\Buffers\Buffer.h" />
    <ClInclude Include="$(MSBuildThisFileDirectory)VulkanEngine\Buffers\UploadBuffer.h" />
    <ClInclude Include="$(MSBuildThisFileDirectory)VulkanEngine\Commands\UploadDataManager.h" />
  </ItemGroup>
  <ItemGroup>
    <ClCompile Include="$(MSBuildThisFileDirectory)VulkanEngine\VulkanRenderer.cpp" />
    <ClCompile Include="$(MSBuildThisFileDirectory)VulkanEngine\VulkanInstance.cpp" />
    <ClCompile Include="$(MSBuildThisFileDirectory)VulkanEngine\Helpers\DebugMessageHandler.cpp" />
    <ClCompile Include="$(MSBuildThisFileDirectory)VulkanEngine\Surfaces\Surface.cpp" />
    <ClCompile Include="$(MSBuildThisFileDirectory)VulkanEngine\SwapChains\SwapChain.cpp" />
    <ClCompile Include="$(MSBuildThisFileDirectory)VulkanEngine\Devices\DeviceManager.cpp" />
    <ClCompile Include="$(MSBuildThisFileDirectory)VulkanEngine\Pipeline\Shader.cpp" />
    <ClCompile Include="$(MSBuildThisFileDirectory)VulkanEngine\Pipeline\PipelineStateManager.cpp" />
    <ClCompile Include="$(MSBuildThisFileDirectory)VulkanEngine\Pipeline\States\RasterizerState.cpp" />
    <ClCompile Include="$(MSBuildThisFileDirectory)VulkanEngine\Pipeline\States\MultisampleState.cpp" />
    <ClCompile Include="$(MSBuildThisFileDirectory)VulkanEngine\Pipeline\States\ColorBlendState.cpp" />
    <ClCompile Include="$(MSBuildThisFileDirectory)VulkanEngine\Pipeline\States\ViewportState.cpp" />
    <ClCompile Include="$(MSBuildThisFileDirectory)VulkanEngine\Pipeline\States\ShaderStage.cpp" />
    <ClCompile Include="$(MSBuildThisFileDirectory)VulkanEngine\Pipeline\States\VertexInputState.cpp" />
    <ClCompile Include="$(MSBuildThisFileDirectory)VulkanEngine\Pipeline\States\InputAssemblyState.cpp" />
    <ClCompile Include="$(MSBuildThisFileDirectory)VulkanEngine\Pipeline\States\DynamicState.cpp" />
    <ClCompile Include="$(MSBuildThisFileDirectory)VulkanEngine\Pipeline\Layout\PipelineLayout.cpp" />
    <ClCompile Include="$(MSBuildThisFileDirectory)VulkanEngine\Pipeline\States\ColorBlendAttachment.cpp" />
    <ClCompile Include="$(MSBuildThisFileDirectory)VulkanEngine\Commands\CommandPool.cpp" />
    <ClCompile Include="$(MSBuildThisFileDirectory)VulkanEngine\Synchronization\Semaphore.cpp" />
    <ClCompile Include="$(MSBuildThisFileDirectory)VulkanEngine\Configurations\ValidationLayers.cpp" />
    <ClCompile Include="$(MSBuildThisFileDirectory)VulkanEngine\Buffers\VertexBuffer.cpp" />
    <ClCompile Include="$(MSBuildThisFileDirectory)VulkanEngine\RenderItems\RenderItem.cpp" />
    <ClCompile Include="$(MSBuildThisFileDirectory)VulkanEngine\RenderPass\RenderPass.cpp" />
    <ClCompile Include="$(MSBuildThisFileDirectory)VulkanEngine\Buffers\Buffer.cpp" />
    <ClCompile Include="$(MSBuildThisFileDirectory)VulkanEngine\Buffers\UploadBuffer.cpp" />
    <ClCompile Include="$(MSBuildThisFileDirectory)VulkanEngine\Commands\UploadDataManager.cpp" />
  </ItemGroup>
  <ItemGroup>
    <None Include="$(MSBuildThisFileDirectory)VulkanEngine\Shaders\Shader.vert" />
    <None Include="$(MSBuildThisFileDirectory)VulkanEngine\Shaders\Shader.frag" />
  </ItemGroup>
</Project>