<?xml version="1.0" encoding="utf-8"?>
<Project ToolsVersion="15.0" xmlns="http://schemas.microsoft.com/developer/msbuild/2003">
  <ItemGroup>
    <Filter Include="Resource Files">
      <UniqueIdentifier>{67DA6AB6-F800-4c08-8B7A-83BB121AAD01}</UniqueIdentifier>
      <Extensions>rc;ico;cur;bmp;dlg;rc2;rct;bin;rgs;gif;jpg;jpeg;jpe;resx;tga;tiff;tif;png;wav;mfcribbon-ms</Extensions>
    </Filter>
  </ItemGroup>
  <ItemGroup>
    <ClCompile Include="Core\Command\CommandListManager.cpp" />
    <ClCompile Include="Core\Geometry\Buffers\BaseGeometryBuffer.cpp" />
    <ClCompile Include="Core\Geometry\Buffers\IndexBuffer.cpp" />
    <ClCompile Include="Core\Geometry\Buffers\VertexBuffer.cpp" />
    <ClCompile Include="Core\Geometry\ImmutableMesh.cpp" />
    <ClCompile Include="Core\Geometry\Submesh.cpp" />
    <ClCompile Include="Core\Geometry\VertexTypes.cpp" />
    <ClCompile Include="Core\Pipeline\PipelineStateManager.cpp" />
    <ClCompile Include="Core\Pipeline\RootSignatureManager.cpp" />
    <ClCompile Include="Core\RenderItem\StandardRenderItem.cpp" />
    <ClCompile Include="Core\Scene\StandardScene.cpp" />
    <ClCompile Include="Core\Shader\Shader.cpp" />
    <ClCompile Include="Core\Utilities\DirectXHelper.cpp" />
    <ClCompile Include="Core\Utilities\UploadBuffer.cpp" />
    <ClCompile Include="Core\Renderer.cpp" />
    <ClCompile Include="Core\DeviceResources.cpp" />
    <ClCompile Include="Core\D3DBase.cpp" />
    <ClCompile Include="Core\Resources\DescriptorHeap.cpp" />
    <ClCompile Include="Core\Textures\Samplers.cpp" />
    <ClCompile Include="Core\Textures\Texture.cpp" />
    <ClCompile Include="Core\RenderItem\Specific\RenderRectangle.cpp" />
    <ClCompile Include="pch.cpp" />
  </ItemGroup>
  <ItemGroup>
    <ClInclude Include="Core\Command\CommandListManager.h" />
    <ClInclude Include="Core\Geometry\Buffers\BaseGeometryBuffer.h" />
    <ClInclude Include="Core\Geometry\Buffers\IndexBuffer.h" />
    <ClInclude Include="Core\Geometry\Buffers\VertexBuffer.h" />
    <ClInclude Include="Core\Geometry\IMesh.h" />
    <ClInclude Include="Core\Geometry\ImmutableMesh.h" />
    <ClInclude Include="Core\Geometry\Submesh.h" />
    <ClInclude Include="Core\Geometry\VertexTypes.h" />
    <ClInclude Include="Core\Pipeline\PipelineStateManager.h" />
    <ClInclude Include="Core\Pipeline\RootSignatureManager.h" />
    <ClInclude Include="Core\RenderItem\StandardRenderItem.h" />
    <ClInclude Include="Core\Scene\StandardScene.h" />
    <ClInclude Include="Core\Shader\Shader.h" />
    <ClInclude Include="Core\Shader\ShaderBufferTypes.h" />
    <ClInclude Include="Core\Utilities\d3dx12.h" />
    <ClInclude Include="Core\Utilities\DirectXHelper.h" />
    <ClInclude Include="Core\Utilities\UploadBuffer.h" />
    <ClInclude Include="Core\Renderer.h" />
    <ClInclude Include="Core\ShaderStructures.h" />
    <ClInclude Include="Core\DeviceResources.h" />
    <ClInclude Include="Core\Resources\GPUAllocator.h" />
    <ClInclude Include="Core\D3DBase.h" />
    <ClInclude Include="Core\Resources\DescriptorHeap.h" />
    <ClInclude Include="Core\Textures\Samplers.h" />
    <ClInclude Include="Core\Scene\RenderLayers.h" />
    <ClInclude Include="Core\Textures\Texture.h" />
    <ClInclude Include="Core\RenderItem\Specific\RenderRectangle.h" />
    <ClInclude Include="Core\RenderItem\IRenderItem.h" />
    <ClInclude Include="Core\Scene\IScene.h" />
    <ClInclude Include="Core\IWindow.h" />
    <ClInclude Include="Core\DisplayOrientations.h" />
    <ClInclude Include="Core\IRenderer.h" />
    <ClInclude Include="pch.h" />
    <ClInclude Include="targetver.h" />
  </ItemGroup>
  <ItemGroup>
    <FxCompile Include="Shaders\Standard\GBufferPassVertexShader.hlsl" />
    <FxCompile Include="Shaders\Standard\GBufferPassPixelShader.hlsl" />
    <FxCompile Include="Shaders\Standard\LightingPassVertexShader.hlsl" />
    <FxCompile Include="Shaders\Standard\LightingPassPixelShader.hlsl" />
  </ItemGroup>
  <ItemGroup>
    <None Include="ClassDiagram.cd" />
    <None Include="Shaders\Common\PassData.hlsli" />
    <None Include="Shaders\Common\InstanceData.hlsli" />
    <None Include="Shaders\Common\MaterialData.hlsli" />
    <None Include="Shaders\Common\Samplers.hlsli" />
    <None Include="Shaders\Common\LightingUtils.hlsli" />
    <None Include="Shaders\Common\SkinnedData.hlsli" />
  </ItemGroup>
</Project>