<?xml version="1.0" encoding="utf-8"?>
<Project ToolsVersion="15.0" xmlns="http://schemas.microsoft.com/developer/msbuild/2003">
  <ItemGroup>
    <Filter Include="Resource Files">
      <UniqueIdentifier>{67DA6AB6-F800-4c08-8B7A-83BB121AAD01}</UniqueIdentifier>
      <Extensions>rc;ico;cur;bmp;dlg;rc2;rct;bin;rgs;gif;jpg;jpeg;jpe;resx;tga;tiff;tif;png;wav;mfcribbon-ms</Extensions>
    </Filter>
  </ItemGroup>
  <ItemGroup>
    <ClCompile Include="pch.cpp" />
    <ClCompile Include="Core\Command\CommandListManager.cpp" />
    <ClCompile Include="Core\Geometry\Buffers\BaseGeometryBuffer.cpp" />
    <ClCompile Include="Core\Geometry\Buffers\IndexBuffer.cpp" />
    <ClCompile Include="Core\Geometry\Buffers\VertexBuffer.cpp" />
    <ClCompile Include="Core\Geometry\ImmutableMesh.cpp" />
    <ClCompile Include="Core\Geometry\MeshGenerator.cpp" />
    <ClCompile Include="Core\Geometry\Submesh.cpp" />
    <ClCompile Include="Core\Geometry\VertexTypes.cpp" />
    <ClCompile Include="Core\Material\ColorMaterial.cpp" />
    <ClCompile Include="Core\Material\MaterialInstance.cpp" />
    <ClCompile Include="Core\Material\StandardMaterial.cpp" />
    <ClCompile Include="Core\Pipeline\DescriptorHeap.cpp" />
    <ClCompile Include="Core\Pipeline\PipelineStateManager.cpp" />
    <ClCompile Include="Core\Pipeline\RootSignatureManager.cpp" />
    <ClCompile Include="Core\RenderItem\ColorRenderItem.cpp" />
    <ClCompile Include="Core\RenderItem\StandardRenderItem.cpp" />
    <ClCompile Include="Core\Resources\FrameResource.cpp" />
    <ClCompile Include="Core\Resources\Resource.cpp" />
    <ClCompile Include="Core\Resources\ResourceInstance.cpp" />
    <ClCompile Include="Core\Scene\StandardScene.cpp" />
    <ClCompile Include="Core\Shader\Shader.cpp" />
    <ClCompile Include="Core\Utilities\DirectXHelper.cpp" />
    <ClCompile Include="Core\Utilities\UploadBuffer.cpp" />
    <ClCompile Include="Core\Renderer.cpp" />
    <ClCompile Include="Core\Sample3DSceneRenderer.cpp" />
    <ClCompile Include="DeviceResources.cpp" />
    <ClCompile Include="Core\DeviceResources.cpp" />
  </ItemGroup>
  <ItemGroup>
    <ClInclude Include="pch.h" />
    <ClInclude Include="targetver.h" />
    <ClInclude Include="Core\Command\CommandListManager.h" />
    <ClInclude Include="Core\Geometry\Buffers\BaseGeometryBuffer.h" />
    <ClInclude Include="Core\Geometry\Buffers\IndexBuffer.h" />
    <ClInclude Include="Core\Geometry\Buffers\VertexBuffer.h" />
    <ClInclude Include="Core\Geometry\IMesh.h" />
    <ClInclude Include="Core\Geometry\ImmutableMesh.h" />
    <ClInclude Include="Core\Geometry\MeshGenerator.h" />
    <ClInclude Include="Core\Geometry\Submesh.h" />
    <ClInclude Include="Core\Geometry\VertexTypes.h" />
    <ClInclude Include="Core\Material\ColorMaterial.h" />
    <ClInclude Include="Core\Material\MaterialInstance.h" />
    <ClInclude Include="Core\Material\StandardMaterial.h" />
    <ClInclude Include="Core\Pipeline\DescriptorHeap.h" />
    <ClInclude Include="Core\Pipeline\PipelineStateManager.h" />
    <ClInclude Include="Core\Pipeline\RootSignatureManager.h" />
    <ClInclude Include="Core\RenderItem\ColorRenderItem.h" />
    <ClInclude Include="Core\RenderItem\StandardRenderItem.h" />
    <ClInclude Include="Core\Resources\FrameResource.h" />
    <ClInclude Include="Core\Resources\Resource.h" />
    <ClInclude Include="Core\Resources\ResourceInstance.h" />
    <ClInclude Include="Core\Scene\StandardScene.h" />
    <ClInclude Include="Core\Shader\Shader.h" />
    <ClInclude Include="Core\Shader\ShaderBufferTypes.h" />
    <ClInclude Include="Core\Utilities\d3dx12.h" />
    <ClInclude Include="Core\Utilities\DirectXHelper.h" />
    <ClInclude Include="Core\Utilities\UploadBuffer.h" />
    <ClInclude Include="Core\Renderer.h" />
    <ClInclude Include="Core\Sample3DSceneRenderer.h" />
    <ClInclude Include="Core\ShaderStructures.h" />
    <ClInclude Include="DeviceResources.h" />
    <ClInclude Include="Core\DeviceResources.h" />
  </ItemGroup>
  <ItemGroup>
    <FxCompile Include="Shaders\SamplePixelShader.hlsl" />
    <FxCompile Include="Shaders\SampleVertexShader.hlsl" />
  </ItemGroup>
  <ItemGroup>
    <None Include="Shaders\PassData.hlsli" />
    <None Include="Shaders\InstanceData.hlsli" />
    <None Include="Shaders\MaterialData.hlsli" />
  </ItemGroup>
</Project>