<?xml version="1.0" encoding="utf-8"?>
<Project ToolsVersion="15.0" xmlns="http://schemas.microsoft.com/developer/msbuild/2003">
  <ItemGroup>
    <Filter Include="Resource Files">
      <UniqueIdentifier>{67DA6AB6-F800-4c08-8B7A-83BB121AAD01}</UniqueIdentifier>
      <Extensions>rc;ico;cur;bmp;dlg;rc2;rct;bin;rgs;gif;jpg;jpeg;jpe;resx;tga;tiff;tif;png;wav;mfcribbon-ms</Extensions>
    </Filter>
    <Filter Include="Interfaces">
      <UniqueIdentifier>{9c6f56c0-b277-435b-b5a1-c02c26f39b6e}</UniqueIdentifier>
    </Filter>
    <Filter Include="DirectX12">
      <UniqueIdentifier>{392ea5ec-a69d-4ef5-a65c-d12a53e1b3b4}</UniqueIdentifier>
    </Filter>
  </ItemGroup>
  <ItemGroup>
    <ClCompile Include="pch.cpp" />
    <ClCompile Include="D3DBase.cpp">
      <Filter>DirectX12</Filter>
    </ClCompile>
    <ClCompile Include="DeviceResources.cpp">
      <Filter>DirectX12</Filter>
    </ClCompile>
    <ClCompile Include="Sample3DSceneRenderer.cpp">
      <Filter>DirectX12</Filter>
    </ClCompile>
  </ItemGroup>
  <ItemGroup>
    <ClInclude Include="pch.h" />
    <ClInclude Include="targetver.h" />
    <ClInclude Include="IGeometry.h">
      <Filter>Interfaces</Filter>
    </ClInclude>
    <ClInclude Include="IGraphics.h">
      <Filter>Interfaces</Filter>
    </ClInclude>
    <ClInclude Include="IMaterial.h">
      <Filter>Interfaces</Filter>
    </ClInclude>
    <ClInclude Include="IRenderItem.h">
      <Filter>Interfaces</Filter>
    </ClInclude>
    <ClInclude Include="IScene.h">
      <Filter>Interfaces</Filter>
    </ClInclude>
    <ClInclude Include="IWindow.h">
      <Filter>Interfaces</Filter>
    </ClInclude>
    <ClInclude Include="D3DBase.h">
      <Filter>DirectX12</Filter>
    </ClInclude>
    <ClInclude Include="d3dx12.h">
      <Filter>DirectX12</Filter>
    </ClInclude>
    <ClInclude Include="DeviceResources.h">
      <Filter>DirectX12</Filter>
    </ClInclude>
    <ClInclude Include="DirectXHelper.h">
      <Filter>DirectX12</Filter>
    </ClInclude>
    <ClInclude Include="Sample3DSceneRenderer.h">
      <Filter>DirectX12</Filter>
    </ClInclude>
    <ClInclude Include="ShaderStructures.h">
      <Filter>DirectX12</Filter>
    </ClInclude>
  </ItemGroup>
  <ItemGroup>
    <FxCompile Include="SamplePixelShader.hlsl">
      <Filter>Resource Files</Filter>
    </FxCompile>
    <FxCompile Include="SampleVertexShader.hlsl">
      <Filter>Resource Files</Filter>
    </FxCompile>
  </ItemGroup>
</Project>