<?xml version="1.0" encoding="utf-8"?>
<Project ToolsVersion="15.0" xmlns="http://schemas.microsoft.com/developer/msbuild/2003">
  <ItemGroup>
    <Filter Include="Resource Files">
      <UniqueIdentifier>{67DA6AB6-F800-4c08-8B7A-83BB121AAD01}</UniqueIdentifier>
      <Extensions>rc;ico;cur;bmp;dlg;rc2;rct;bin;rgs;gif;jpg;jpeg;jpe;resx;tga;tiff;tif;png;wav;mfcribbon-ms</Extensions>
    </Filter>
    <Filter Include="Source">
      <UniqueIdentifier>{be641963-c2cb-46ea-b62b-424149741e07}</UniqueIdentifier>
    </Filter>
  </ItemGroup>
  <ItemGroup>
    <ClCompile Include="pch.cpp" />
    <ClCompile Include="EngineException.cpp">
      <Filter>Source</Filter>
    </ClCompile>
    <ClCompile Include="Helpers.cpp">
      <Filter>Source</Filter>
    </ClCompile>
    <ClCompile Include="TasksComponent.cpp">
      <Filter>Source</Filter>
    </ClCompile>
    <ClCompile Include="Timer.cpp">
      <Filter>Source</Filter>
    </ClCompile>
    <ClCompile Include="PerformanceTimer.cpp">
      <Filter>Source</Filter>
    </ClCompile>
  </ItemGroup>
  <ItemGroup>
    <ClInclude Include="pch.h" />
    <ClInclude Include="targetver.h" />
    <ClInclude Include="EngineException.h">
      <Filter>Source</Filter>
    </ClInclude>
    <ClInclude Include="Event.h">
      <Filter>Source</Filter>
    </ClInclude>
    <ClInclude Include="EventsComponent.h">
      <Filter>Source</Filter>
    </ClInclude>
    <ClInclude Include="Helpers.h">
      <Filter>Source</Filter>
    </ClInclude>
    <ClInclude Include="Task.h">
      <Filter>Source</Filter>
    </ClInclude>
    <ClInclude Include="TasksComponent.h">
      <Filter>Source</Filter>
    </ClInclude>
    <ClInclude Include="Timer.h">
      <Filter>Source</Filter>
    </ClInclude>
    <ClInclude Include="PerformanceTimer.h">
      <Filter>Source</Filter>
    </ClInclude>
  </ItemGroup>
</Project>