<?xml version="1.0" encoding="utf-8"?>
<Project ToolsVersion="4.0" xmlns="http://schemas.microsoft.com/developer/msbuild/2003">
  <ItemGroup>
    <ClCompile Include="$(MSBuildThisFileDirectory)Common\EngineException.cpp" />
    <ClCompile Include="$(MSBuildThisFileDirectory)Common\Helpers.cpp" />
    <ClCompile Include="$(MSBuildThisFileDirectory)Common\PerformanceTimer.cpp" />
    <ClCompile Include="$(MSBuildThisFileDirectory)Common\TasksComponent.cpp" />
    <ClCompile Include="$(MSBuildThisFileDirectory)Common\Timer.cpp" />
    <ClCompile Include="$(MSBuildThisFileDirectory)GameEngine\GameObject\GameObject.cpp" />
    <ClCompile Include="$(MSBuildThisFileDirectory)Mythology\MythologyGame.cpp" />
    <ClCompile Include="$(MSBuildThisFileDirectory)GameEngine\GameManager.cpp" />
    <ClCompile Include="$(MSBuildThisFileDirectory)GameEngine\Component\Lights\DirectionalLightComponent.cpp" />
    <ClCompile Include="$(MSBuildThisFileDirectory)GameEngine\Component\Transforms\TransformComponent.cpp" />
    <ClCompile Include="$(MSBuildThisFileDirectory)GameEngine\Component\Base\BaseComponent.cpp" />
    <ClCompile Include="$(MSBuildThisFileDirectory)GameEngine\Component\Lights\SpotLightComponent.cpp" />
    <ClCompile Include="$(MSBuildThisFileDirectory)GameEngine\Component\Lights\PointLightComponent.cpp" />
    <ClCompile Include="$(MSBuildThisFileDirectory)GameEngine\Component\Physics\PhysicsComponent.cpp" />
    <ClCompile Include="$(MSBuildThisFileDirectory)GameEngine\Component\Cameras\CameraComponent.cpp" />
    <ClCompile Include="$(MSBuildThisFileDirectory)GameEngine\Input\Keyboard.cpp" />
    <ClCompile Include="$(MSBuildThisFileDirectory)GameEngine\Input\Mouse.cpp" />
    <ClCompile Include="$(MSBuildThisFileDirectory)GameEngine\Component\Meshes\StandardMaterial.cpp" />
    <ClCompile Include="$(MSBuildThisFileDirectory)GameEngine\Geometry\Importer\SceneImporter.cpp" />
  </ItemGroup>
  <ItemGroup>
    <ClInclude Include="$(MSBuildThisFileDirectory)Common\EngineException.h" />
    <ClInclude Include="$(MSBuildThisFileDirectory)Common\Helpers.h" />
    <ClInclude Include="$(MSBuildThisFileDirectory)Common\PerformanceTimer.h" />
    <ClInclude Include="$(MSBuildThisFileDirectory)Common\Task.h" />
    <ClInclude Include="$(MSBuildThisFileDirectory)Common\TasksComponent.h" />
    <ClInclude Include="$(MSBuildThisFileDirectory)Common\Timer.h" />
    <ClInclude Include="$(MSBuildThisFileDirectory)GraphicsEngineInterfaces\DisplayOrientations.h" />
    <ClInclude Include="$(MSBuildThisFileDirectory)GraphicsEngineInterfaces\IMaterial.h" />
    <ClInclude Include="$(MSBuildThisFileDirectory)GraphicsEngineInterfaces\IRenderer.h" />
    <ClInclude Include="$(MSBuildThisFileDirectory)GraphicsEngineInterfaces\IRenderItem.h" />
    <ClInclude Include="$(MSBuildThisFileDirectory)GraphicsEngineInterfaces\IScene.h" />
    <ClInclude Include="$(MSBuildThisFileDirectory)GameEngine\Component\IComponent.h" />
    <ClInclude Include="$(MSBuildThisFileDirectory)GameEngine\GameObject\GameObject.h" />
    <ClInclude Include="$(MSBuildThisFileDirectory)GraphicsEngineInterfaces\IWindow.h" />
    <ClInclude Include="$(MSBuildThisFileDirectory)GameEngine\Geometry\MeshGenerator.h" />
    <ClInclude Include="$(MSBuildThisFileDirectory)GameEngine\Geometry\VertexData.h" />
    <ClInclude Include="$(MSBuildThisFileDirectory)GameEngine\Geometry\MeshData.h" />
    <ClInclude Include="$(MSBuildThisFileDirectory)Mythology\MythologyGame.h" />
    <ClInclude Include="$(MSBuildThisFileDirectory)GameEngine\GameManager.h" />
    <ClInclude Include="$(MSBuildThisFileDirectory)Common\MemoryPool\MemoryPoolElement.h" />
    <ClInclude Include="$(MSBuildThisFileDirectory)Common\MemoryPool\MemoryPool.h" />
    <ClInclude Include="$(MSBuildThisFileDirectory)GameEngine\Geometry\Primitives\BoxGeometry.h" />
    <ClInclude Include="$(MSBuildThisFileDirectory)Common\Events\InternalEvent.h" />
    <ClInclude Include="$(MSBuildThisFileDirectory)Common\Events\InternalEventsComponent.h" />
    <ClInclude Include="$(MSBuildThisFileDirectory)Common\Events\Event.h" />
    <ClInclude Include="$(MSBuildThisFileDirectory)GameEngine\Component\Lights\DirectionalLightComponent.h" />
    <ClInclude Include="$(MSBuildThisFileDirectory)GameEngine\Component\Transforms\TransformComponent.h" />
    <ClInclude Include="$(MSBuildThisFileDirectory)GameEngine\Component\Base\BaseComponent.h" />
    <ClInclude Include="$(MSBuildThisFileDirectory)GameEngine\Component\Lights\PointLightComponent.h" />
    <ClInclude Include="$(MSBuildThisFileDirectory)GameEngine\Component\Lights\SpotLightComponent.h" />
    <ClInclude Include="$(MSBuildThisFileDirectory)GameEngine\Component\Meshes\MeshComponent.h" />
    <ClInclude Include="$(MSBuildThisFileDirectory)GameEngine\Component\Physics\PhysicsComponent.h" />
    <ClInclude Include="$(MSBuildThisFileDirectory)GameEngine\Geometry\EigenGeometry.h" />
    <ClInclude Include="$(MSBuildThisFileDirectory)GameEngine\Component\Cameras\CameraComponent.h" />
    <ClInclude Include="$(MSBuildThisFileDirectory)GameEngine\Memory\StandardAllocator.h" />
    <ClInclude Include="$(MSBuildThisFileDirectory)GameEngine\Input\Keyboard.h" />
    <ClInclude Include="$(MSBuildThisFileDirectory)GameEngine\Input\Mouse.h" />
    <ClInclude Include="$(MSBuildThisFileDirectory)GameEngine\Component\Meshes\InstancedMeshComponent.h" />
    <ClInclude Include="$(MSBuildThisFileDirectory)Common\Memory\MemoryPool.h" />
    <ClInclude Include="$(MSBuildThisFileDirectory)GameEngine\Memory\UseStorage.h" />
    <ClInclude Include="$(MSBuildThisFileDirectory)GameEngine\Geometry\Primitives\RectangleGeometry.h" />
    <ClInclude Include="$(MSBuildThisFileDirectory)GameEngine\Component\Meshes\StandardMaterial.h" />
    <ClInclude Include="$(MSBuildThisFileDirectory)GameEngine\Geometry\Importer\SceneImporter.h" />
    <ClInclude Include="$(MSBuildThisFileDirectory)GameEngine\Geometry\Primitives\CustomGeometry.h" />
  </ItemGroup>
</Project>