<?xml version="1.0" encoding="utf-8"?>
<Project ToolsVersion="4.0" xmlns="http://schemas.microsoft.com/developer/msbuild/2003">
  <ItemGroup>
    <ClCompile Include="$(MSBuildThisFileDirectory)Common\EngineException.cpp" />
    <ClCompile Include="$(MSBuildThisFileDirectory)Common\Helpers.cpp" />
    <ClCompile Include="$(MSBuildThisFileDirectory)Common\PerformanceTimer.cpp" />
    <ClCompile Include="$(MSBuildThisFileDirectory)Common\TasksComponent.cpp" />
    <ClCompile Include="$(MSBuildThisFileDirectory)Common\Timer.cpp" />
    <ClCompile Include="$(MSBuildThisFileDirectory)GameEngine\Component\TransformComponent.cpp" />
    <ClCompile Include="$(MSBuildThisFileDirectory)GameEngine\GameObject\GameObject.cpp" />
    <ClCompile Include="$(MSBuildThisFileDirectory)GameEngine\Component\PhysicsComponent.cpp" />
    <ClCompile Include="$(MSBuildThisFileDirectory)Mythology\MythologyGame.cpp" />
    <ClCompile Include="$(MSBuildThisFileDirectory)GameEngine\GameManager.cpp" />
  </ItemGroup>
  <ItemGroup>
    <ClInclude Include="$(MSBuildThisFileDirectory)Common\EngineException.h" />
    <ClInclude Include="$(MSBuildThisFileDirectory)Common\Event.h" />
    <ClInclude Include="$(MSBuildThisFileDirectory)Common\EventsComponent.h" />
    <ClInclude Include="$(MSBuildThisFileDirectory)Common\Helpers.h" />
    <ClInclude Include="$(MSBuildThisFileDirectory)Common\PerformanceTimer.h" />
    <ClInclude Include="$(MSBuildThisFileDirectory)Common\Task.h" />
    <ClInclude Include="$(MSBuildThisFileDirectory)Common\TasksComponent.h" />
    <ClInclude Include="$(MSBuildThisFileDirectory)Common\Timer.h" />
    <ClInclude Include="$(MSBuildThisFileDirectory)GraphicsEngineInterfaces\DisplayOrientations.h" />
    <ClInclude Include="$(MSBuildThisFileDirectory)GraphicsEngineInterfaces\IMaterial.h" />
    <ClInclude Include="$(MSBuildThisFileDirectory)GraphicsEngineInterfaces\IRenderer.h" />
    <ClInclude Include="$(MSBuildThisFileDirectory)GraphicsEngineInterfaces\IRenderItem.h" />
    <ClInclude Include="$(MSBuildThisFileDirectory)GraphicsEngineInterfaces\IScene.h" />
    <ClInclude Include="$(MSBuildThisFileDirectory)GameEngine\Component\IComponent.h" />
    <ClInclude Include="$(MSBuildThisFileDirectory)GameEngine\Component\TransformComponent.h" />
    <ClInclude Include="$(MSBuildThisFileDirectory)GameEngine\GameObject\GameObject.h" />
    <ClInclude Include="$(MSBuildThisFileDirectory)GraphicsEngineInterfaces\IWindow.h" />
    <ClInclude Include="$(MSBuildThisFileDirectory)GameEngine\Geometry\MeshGenerator.h" />
    <ClInclude Include="$(MSBuildThisFileDirectory)GameEngine\Geometry\VertexData.h" />
    <ClInclude Include="$(MSBuildThisFileDirectory)GameEngine\Geometry\MeshData.h" />
    <ClInclude Include="$(MSBuildThisFileDirectory)Libraries\tue\detail_\simd\sse\bool32x4.sse.hpp" />
    <ClInclude Include="$(MSBuildThisFileDirectory)Libraries\tue\detail_\simd\sse\float32x4.sse.hpp" />
    <ClInclude Include="$(MSBuildThisFileDirectory)Libraries\tue\detail_\simd\sse2\bool8x16.sse2.hpp" />
    <ClInclude Include="$(MSBuildThisFileDirectory)Libraries\tue\detail_\simd\sse2\bool16x8.sse2.hpp" />
    <ClInclude Include="$(MSBuildThisFileDirectory)Libraries\tue\detail_\simd\sse2\bool64x2.sse2.hpp" />
    <ClInclude Include="$(MSBuildThisFileDirectory)Libraries\tue\detail_\simd\sse2\float64x2.sse2.hpp" />
    <ClInclude Include="$(MSBuildThisFileDirectory)Libraries\tue\detail_\simd\sse2\int8x16.sse2.hpp" />
    <ClInclude Include="$(MSBuildThisFileDirectory)Libraries\tue\detail_\simd\sse2\int16x8.sse2.hpp" />
    <ClInclude Include="$(MSBuildThisFileDirectory)Libraries\tue\detail_\simd\sse2\int32x4.sse2.hpp" />
    <ClInclude Include="$(MSBuildThisFileDirectory)Libraries\tue\detail_\simd\sse2\int64x2.sse2.hpp" />
    <ClInclude Include="$(MSBuildThisFileDirectory)Libraries\tue\detail_\simd\sse2\uint8x16.sse2.hpp" />
    <ClInclude Include="$(MSBuildThisFileDirectory)Libraries\tue\detail_\simd\sse2\uint16x8.sse2.hpp" />
    <ClInclude Include="$(MSBuildThisFileDirectory)Libraries\tue\detail_\simd\sse2\uint32x4.sse2.hpp" />
    <ClInclude Include="$(MSBuildThisFileDirectory)Libraries\tue\detail_\simd\sse2\uint64x2.sse2.hpp" />
    <ClInclude Include="$(MSBuildThisFileDirectory)Libraries\tue\detail_\is_arithmetic_simd_component.hpp" />
    <ClInclude Include="$(MSBuildThisFileDirectory)Libraries\tue\detail_\is_floating_point_simd_component.hpp" />
    <ClInclude Include="$(MSBuildThisFileDirectory)Libraries\tue\detail_\is_integral_simd_component.hpp" />
    <ClInclude Include="$(MSBuildThisFileDirectory)Libraries\tue\detail_\is_simd_component.hpp" />
    <ClInclude Include="$(MSBuildThisFileDirectory)Libraries\tue\detail_\is_sized_bool.hpp" />
    <ClInclude Include="$(MSBuildThisFileDirectory)Libraries\tue\detail_\is_vec_component.hpp" />
    <ClInclude Include="$(MSBuildThisFileDirectory)Libraries\tue\detail_\mat2xR.hpp" />
    <ClInclude Include="$(MSBuildThisFileDirectory)Libraries\tue\detail_\mat3xR.hpp" />
    <ClInclude Include="$(MSBuildThisFileDirectory)Libraries\tue\detail_\mat4xR.hpp" />
    <ClInclude Include="$(MSBuildThisFileDirectory)Libraries\tue\detail_\matmult.hpp" />
    <ClInclude Include="$(MSBuildThisFileDirectory)Libraries\tue\detail_\simd_specializations.hpp" />
    <ClInclude Include="$(MSBuildThisFileDirectory)Libraries\tue\detail_\simd_support.hpp" />
    <ClInclude Include="$(MSBuildThisFileDirectory)Libraries\tue\detail_\simd2.hpp" />
    <ClInclude Include="$(MSBuildThisFileDirectory)Libraries\tue\detail_\simdN.hpp" />
    <ClInclude Include="$(MSBuildThisFileDirectory)Libraries\tue\detail_\vec2.hpp" />
    <ClInclude Include="$(MSBuildThisFileDirectory)Libraries\tue\detail_\vec3.hpp" />
    <ClInclude Include="$(MSBuildThisFileDirectory)Libraries\tue\detail_\vec4.hpp" />
    <ClInclude Include="$(MSBuildThisFileDirectory)Libraries\tue\mat.hpp" />
    <ClInclude Include="$(MSBuildThisFileDirectory)Libraries\tue\math.hpp" />
    <ClInclude Include="$(MSBuildThisFileDirectory)Libraries\tue\nocopy_cast.hpp" />
    <ClInclude Include="$(MSBuildThisFileDirectory)Libraries\tue\quat.hpp" />
    <ClInclude Include="$(MSBuildThisFileDirectory)Libraries\tue\simd.hpp" />
    <ClInclude Include="$(MSBuildThisFileDirectory)Libraries\tue\sized_bool.hpp" />
    <ClInclude Include="$(MSBuildThisFileDirectory)Libraries\tue\transform.hpp" />
    <ClInclude Include="$(MSBuildThisFileDirectory)Libraries\tue\unused.hpp" />
    <ClInclude Include="$(MSBuildThisFileDirectory)Libraries\tue\vec.hpp" />
    <ClInclude Include="$(MSBuildThisFileDirectory)GameEngine\Component\PhysicsComponent.h" />
    <ClInclude Include="$(MSBuildThisFileDirectory)Mythology\MythologyGame.h" />
    <ClInclude Include="$(MSBuildThisFileDirectory)GameEngine\GameManager.h" />
    <ClInclude Include="$(MSBuildThisFileDirectory)Common\MemoryPool\MemoryPoolElement.h" />
    <ClInclude Include="$(MSBuildThisFileDirectory)Common\MemoryPool\MemoryPool.h" />
    <ClInclude Include="$(MSBuildThisFileDirectory)GameEngine\Geometry\Primitives\BoxGeometry.h" />
    <ClInclude Include="$(MSBuildThisFileDirectory)GameEngine\Component\MeshComponent.h" />
    <ClInclude Include="$(MSBuildThisFileDirectory)Common\Events\Event.h" />
  </ItemGroup>
</Project>