<?xml version="1.0" encoding="utf-8"?>
<Project ToolsVersion="4.0" xmlns="http://schemas.microsoft.com/developer/msbuild/2003">
  <ItemGroup>
    <ClCompile Include="$(MSBuildThisFileDirectory)Common\EngineException.cpp" />
    <ClCompile Include="$(MSBuildThisFileDirectory)Common\Helpers.cpp" />
    <ClCompile Include="$(MSBuildThisFileDirectory)Common\PerformanceTimer.cpp" />
    <ClCompile Include="$(MSBuildThisFileDirectory)Common\TasksComponent.cpp" />
    <ClCompile Include="$(MSBuildThisFileDirectory)Common\Timer.cpp" />
    <ClCompile Include="$(MSBuildThisFileDirectory)GameEngine\Component\TransformComponent.cpp" />
    <ClCompile Include="$(MSBuildThisFileDirectory)GameEngine\GameObject\GameObject.cpp" />
  </ItemGroup>
  <ItemGroup>
    <ClInclude Include="$(MSBuildThisFileDirectory)Common\EngineException.h" />
    <ClInclude Include="$(MSBuildThisFileDirectory)Common\Event.h" />
    <ClInclude Include="$(MSBuildThisFileDirectory)Common\EventsComponent.h" />
    <ClInclude Include="$(MSBuildThisFileDirectory)Common\Helpers.h" />
    <ClInclude Include="$(MSBuildThisFileDirectory)Common\PerformanceTimer.h" />
    <ClInclude Include="$(MSBuildThisFileDirectory)Common\Task.h" />
    <ClInclude Include="$(MSBuildThisFileDirectory)Common\TasksComponent.h" />
    <ClInclude Include="$(MSBuildThisFileDirectory)Common\Timer.h" />
    <ClInclude Include="$(MSBuildThisFileDirectory)GraphicsEngineInterfaces\DisplayOrientations.h" />
    <ClInclude Include="$(MSBuildThisFileDirectory)GraphicsEngineInterfaces\IMaterial.h" />
    <ClInclude Include="$(MSBuildThisFileDirectory)GraphicsEngineInterfaces\IRenderer.h" />
    <ClInclude Include="$(MSBuildThisFileDirectory)GraphicsEngineInterfaces\IRenderItem.h" />
    <ClInclude Include="$(MSBuildThisFileDirectory)GraphicsEngineInterfaces\IScene.h" />
    <ClInclude Include="$(MSBuildThisFileDirectory)GameEngine\Component\IComponent.h" />
    <ClInclude Include="$(MSBuildThisFileDirectory)GameEngine\Component\TransformComponent.h" />
    <ClInclude Include="$(MSBuildThisFileDirectory)GameEngine\GameObject\GameObject.h" />
    <ClInclude Include="$(MSBuildThisFileDirectory)GraphicsEngineInterfaces\IWindow.h" />
  </ItemGroup>
</Project>